
Microsoft Visual Studio Solution File, Format Version 12.00
# Visual Studio 15
Project("{FAE04EC0-301F-11D3-BF4B-00C04F79EFBC}") = "UnityEngine.UI", "UnityEngine.UI.csproj", "{BBD1A220-7D3A-392C-9ADC-63711A9DD47F}"
EndProject
Project("{FAE04EC0-301F-11D3-BF4B-00C04F79EFBC}") = "UnityEngine.TestRunner", "UnityEngine.TestRunner.csproj", "{CD51F7DD-F4B2-31FE-19D2-B443293A0D3C}"
EndProject
Project("{FAE04EC0-301F-11D3-BF4B-00C04F79EFBC}") = "Unity.VisualScripting.Flow", "Unity.VisualScripting.Flow.csproj", "{876DCDAB-5803-D589-22D3-00A94890E4E4}"
EndProject
Project("{FAE04EC0-301F-11D3-BF4B-00C04F79EFBC}") = "Unity.VisualScripting.State", "Unity.VisualScripting.State.csproj", "{D5BF59A0-8BE5-28B3-3AD4-CB995A8F2880}"
EndProject
Project("{FAE04EC0-301F-11D3-BF4B-00C04F79EFBC}") = "Assembly-CSharp", "Assembly-CSharp.csproj", "{CD29BCA3-2912-8FC4-E174-49A450654412}"
EndProject
Project("{FAE04EC0-301F-11D3-BF4B-00C04F79EFBC}") = "Unity.VisualScripting.Core", "Unity.VisualScripting.Core.csproj", "{28C40AC0-D67E-F625-B57D-0B9A0EB90F25}"
EndProject
Project("{FAE04EC0-301F-11D3-BF4B-00C04F79EFBC}") = "Unity.TextMeshPro", "Unity.TextMeshPro.csproj", "{E1BF29FA-CEBA-2244-E3F1-8CCB11406EE0}"
EndProject
Project("{FAE04EC0-301F-11D3-BF4B-00C04F79EFBC}") = "Unity.Timeline", "Unity.Timeline.csproj", "{00F0DA9F-B9A0-2E0B-0BC4-3BD0086BE9E4}"
EndProject
Project("{FAE04EC0-301F-11D3-BF4B-00C04F79EFBC}") = "Unity.PlasticSCM.Editor", "Unity.PlasticSCM.Editor.csproj", "{42EE7887-4CB1-914D-1DB5-E29ED95DFD6E}"
EndProject
Project("{FAE04EC0-301F-11D3-BF4B-00C04F79EFBC}") = "Unity.VisualScripting.Core.Editor", "Unity.VisualScripting.Core.Editor.csproj", "{7154C626-7F04-8214-178A-2B065B8A558C}"
EndProject
Project("{FAE04EC0-301F-11D3-BF4B-00C04F79EFBC}") = "Unity.VisualScripting.Flow.Editor", "Unity.VisualScripting.Flow.Editor.csproj", "{4494980C-6C89-B714-5401-167B8DE2A915}"
EndProject
Project("{FAE04EC0-301F-11D3-BF4B-00C04F79EFBC}") = "Unity.VisualStudio.Editor", "Unity.VisualStudio.Editor.csproj", "{13167920-04CA-2700-5F26-38600EF979EC}"
EndProject
Project("{FAE04EC0-301F-11D3-BF4B-00C04F79EFBC}") = "Unity.Timeline.Editor", "Unity.Timeline.Editor.csproj", "{CFE9B8CA-E6DC-F5E6-0103-E5A7DAEF1C42}"
EndProject
Project("{FAE04EC0-301F-11D3-BF4B-00C04F79EFBC}") = "Unity.VisualScripting.State.Editor", "Unity.VisualScripting.State.Editor.csproj", "{9B0C7C32-DF4C-A9DD-8CBB-9971BCC2119B}"
EndProject
Project("{FAE04EC0-301F-11D3-BF4B-00C04F79EFBC}") = "Unity.TextMeshPro.Editor", "Unity.TextMeshPro.Editor.csproj", "{3A92C1EB-1556-7013-9F3B-0C189583180E}"
EndProject
Project("{FAE04EC0-301F-11D3-BF4B-00C04F79EFBC}") = "Unity.VisualScripting.SettingsProvider.Editor", "Unity.VisualScripting.SettingsProvider.Editor.csproj", "{83D3B46F-2ED7-D51E-228F-9E56CA774922}"
EndProject
Project("{FAE04EC0-301F-11D3-BF4B-00C04F79EFBC}") = "UnityEditor.TestRunner", "UnityEditor.TestRunner.csproj", "{513A6A61-CFD5-99C8-F7DE-97AC644BC6C5}"
EndProject
Project("{FAE04EC0-301F-11D3-BF4B-00C04F79EFBC}") = "Unity.Rider.Editor", "Unity.Rider.Editor.csproj", "{2DFEC909-8E66-56BB-8E4F-CC9A8058264C}"
EndProject
Project("{FAE04EC0-301F-11D3-BF4B-00C04F79EFBC}") = "Assembly-CSharp-Editor", "Assembly-CSharp-Editor.csproj", "{A0835B5F-9CCE-AB9F-72B4-E9C09131D2F7}"
EndProject
Project("{FAE04EC0-301F-11D3-BF4B-00C04F79EFBC}") = "Unity.VSCode.Editor", "Unity.VSCode.Editor.csproj", "{13666C35-4B9B-BBA5-4392-A6B84C875071}"
EndProject
Project("{FAE04EC0-301F-11D3-BF4B-00C04F79EFBC}") = "UnityEditor.UI", "UnityEditor.UI.csproj", "{CFC0070D-C545-09B0-795C-6FBB782F83A4}"
EndProject
Project("{FAE04EC0-301F-11D3-BF4B-00C04F79EFBC}") = "Unity.VisualScripting.Shared.Editor", "Unity.VisualScripting.Shared.Editor.csproj", "{49AD2FE1-4584-D959-F8B5-FBBA413957F2}"
EndProject
Project("{FAE04EC0-301F-11D3-BF4B-00C04F79EFBC}") = "UnityEngine.UI", "UnityEngine.UI.Player.csproj", "{67D8B151-4075-A792-FFA2-748B05C55BC5}"
EndProject
Project("{FAE04EC0-301F-11D3-BF4B-00C04F79EFBC}") = "UnityEngine.TestRunner", "UnityEngine.TestRunner.Player.csproj", "{000E4BAD-D165-3A10-BC5D-D7931974F6D1}"
EndProject
Project("{FAE04EC0-301F-11D3-BF4B-00C04F79EFBC}") = "Unity.VisualScripting.Flow", "Unity.VisualScripting.Flow.Player.csproj", "{4FD68202-2EF5-0651-26C7-32A743B81FD9}"
EndProject
Project("{FAE04EC0-301F-11D3-BF4B-00C04F79EFBC}") = "Unity.VisualScripting.State", "Unity.VisualScripting.State.Player.csproj", "{FA11BF51-D374-8E98-9AD0-E3C679E821A1}"
EndProject
Project("{FAE04EC0-301F-11D3-BF4B-00C04F79EFBC}") = "Assembly-CSharp", "Assembly-CSharp.Player.csproj", "{87BBB3F4-7D4B-0006-3CCE-06D14D66F3F8}"
EndProject
Project("{FAE04EC0-301F-11D3-BF4B-00C04F79EFBC}") = "Unity.VisualScripting.Core", "Unity.VisualScripting.Core.Player.csproj", "{F47C8C1F-51B4-E0AA-CED6-357E52E29E3A}"
EndProject
Project("{FAE04EC0-301F-11D3-BF4B-00C04F79EFBC}") = "Unity.TextMeshPro", "Unity.TextMeshPro.Player.csproj", "{50CF1371-B937-BB84-AC0C-8FB09D6F3124}"
EndProject
Project("{FAE04EC0-301F-11D3-BF4B-00C04F79EFBC}") = "Unity.Timeline", "Unity.Timeline.Player.csproj", "{755D1174-0FB7-F3C6-CC5F-D83A789F335A}"
EndProject
Global
	GlobalSection(SolutionConfigurationPlatforms) = preSolution
		Debug|Any CPU = Debug|Any CPU
		Release|Any CPU = Release|Any CPU
	EndGlobalSection
	GlobalSection(ProjectConfigurationPlatforms) = postSolution
		{BBD1A220-7D3A-392C-9ADC-63711A9DD47F}.Debug|Any CPU.ActiveCfg = Debug|Any CPU
		{BBD1A220-7D3A-392C-9ADC-63711A9DD47F}.Debug|Any CPU.Build.0 = Debug|Any CPU
		{BBD1A220-7D3A-392C-9ADC-63711A9DD47F}.Release|Any CPU.ActiveCfg = Release|Any CPU
		{BBD1A220-7D3A-392C-9ADC-63711A9DD47F}.Release|Any CPU.Build.0 = Release|Any CPU
		{CD51F7DD-F4B2-31FE-19D2-B443293A0D3C}.Debug|Any CPU.ActiveCfg = Debug|Any CPU
		{CD51F7DD-F4B2-31FE-19D2-B443293A0D3C}.Debug|Any CPU.Build.0 = Debug|Any CPU
		{CD51F7DD-F4B2-31FE-19D2-B443293A0D3C}.Release|Any CPU.ActiveCfg = Release|Any CPU
		{CD51F7DD-F4B2-31FE-19D2-B443293A0D3C}.Release|Any CPU.Build.0 = Release|Any CPU
		{876DCDAB-5803-D589-22D3-00A94890E4E4}.Debug|Any CPU.ActiveCfg = Debug|Any CPU
		{876DCDAB-5803-D589-22D3-00A94890E4E4}.Debug|Any CPU.Build.0 = Debug|Any CPU
		{876DCDAB-5803-D589-22D3-00A94890E4E4}.Release|Any CPU.ActiveCfg = Release|Any CPU
		{876DCDAB-5803-D589-22D3-00A94890E4E4}.Release|Any CPU.Build.0 = Release|Any CPU
		{D5BF59A0-8BE5-28B3-3AD4-CB995A8F2880}.Debug|Any CPU.ActiveCfg = Debug|Any CPU
		{D5BF59A0-8BE5-28B3-3AD4-CB995A8F2880}.Debug|Any CPU.Build.0 = Debug|Any CPU
		{D5BF59A0-8BE5-28B3-3AD4-CB995A8F2880}.Release|Any CPU.ActiveCfg = Release|Any CPU
		{D5BF59A0-8BE5-28B3-3AD4-CB995A8F2880}.Release|Any CPU.Build.0 = Release|Any CPU
		{CD29BCA3-2912-8FC4-E174-49A450654412}.Debug|Any CPU.ActiveCfg = Debug|Any CPU
		{CD29BCA3-2912-8FC4-E174-49A450654412}.Debug|Any CPU.Build.0 = Debug|Any CPU
		{CD29BCA3-2912-8FC4-E174-49A450654412}.Release|Any CPU.ActiveCfg = Release|Any CPU
		{CD29BCA3-2912-8FC4-E174-49A450654412}.Release|Any CPU.Build.0 = Release|Any CPU
		{28C40AC0-D67E-F625-B57D-0B9A0EB90F25}.Debug|Any CPU.ActiveCfg = Debug|Any CPU
		{28C40AC0-D67E-F625-B57D-0B9A0EB90F25}.Debug|Any CPU.Build.0 = Debug|Any CPU
		{28C40AC0-D67E-F625-B57D-0B9A0EB90F25}.Release|Any CPU.ActiveCfg = Release|Any CPU
		{28C40AC0-D67E-F625-B57D-0B9A0EB90F25}.Release|Any CPU.Build.0 = Release|Any CPU
		{E1BF29FA-CEBA-2244-E3F1-8CCB11406EE0}.Debug|Any CPU.ActiveCfg = Debug|Any CPU
		{E1BF29FA-CEBA-2244-E3F1-8CCB11406EE0}.Debug|Any CPU.Build.0 = Debug|Any CPU
		{E1BF29FA-CEBA-2244-E3F1-8CCB11406EE0}.Release|Any CPU.ActiveCfg = Release|Any CPU
		{E1BF29FA-CEBA-2244-E3F1-8CCB11406EE0}.Release|Any CPU.Build.0 = Release|Any CPU
		{00F0DA9F-B9A0-2E0B-0BC4-3BD0086BE9E4}.Debug|Any CPU.ActiveCfg = Debug|Any CPU
		{00F0DA9F-B9A0-2E0B-0BC4-3BD0086BE9E4}.Debug|Any CPU.Build.0 = Debug|Any CPU
		{00F0DA9F-B9A0-2E0B-0BC4-3BD0086BE9E4}.Release|Any CPU.ActiveCfg = Release|Any CPU
		{00F0DA9F-B9A0-2E0B-0BC4-3BD0086BE9E4}.Release|Any CPU.Build.0 = Release|Any CPU
		{42EE7887-4CB1-914D-1DB5-E29ED95DFD6E}.Debug|Any CPU.ActiveCfg = Debug|Any CPU
		{42EE7887-4CB1-914D-1DB5-E29ED95DFD6E}.Debug|Any CPU.Build.0 = Debug|Any CPU
		{42EE7887-4CB1-914D-1DB5-E29ED95DFD6E}.Release|Any CPU.ActiveCfg = Release|Any CPU
		{42EE7887-4CB1-914D-1DB5-E29ED95DFD6E}.Release|Any CPU.Build.0 = Release|Any CPU
		{7154C626-7F04-8214-178A-2B065B8A558C}.Debug|Any CPU.ActiveCfg = Debug|Any CPU
		{7154C626-7F04-8214-178A-2B065B8A558C}.Debug|Any CPU.Build.0 = Debug|Any CPU
		{7154C626-7F04-8214-178A-2B065B8A558C}.Release|Any CPU.ActiveCfg = Release|Any CPU
		{7154C626-7F04-8214-178A-2B065B8A558C}.Release|Any CPU.Build.0 = Release|Any CPU
		{4494980C-6C89-B714-5401-167B8DE2A915}.Debug|Any CPU.ActiveCfg = Debug|Any CPU
		{4494980C-6C89-B714-5401-167B8DE2A915}.Debug|Any CPU.Build.0 = Debug|Any CPU
		{4494980C-6C89-B714-5401-167B8DE2A915}.Release|Any CPU.ActiveCfg = Release|Any CPU
		{4494980C-6C89-B714-5401-167B8DE2A915}.Release|Any CPU.Build.0 = Release|Any CPU
		{13167920-04CA-2700-5F26-38600EF979EC}.Debug|Any CPU.ActiveCfg = Debug|Any CPU
		{13167920-04CA-2700-5F26-38600EF979EC}.Debug|Any CPU.Build.0 = Debug|Any CPU
		{13167920-04CA-2700-5F26-38600EF979EC}.Release|Any CPU.ActiveCfg = Release|Any CPU
		{13167920-04CA-2700-5F26-38600EF979EC}.Release|Any CPU.Build.0 = Release|Any CPU
		{CFE9B8CA-E6DC-F5E6-0103-E5A7DAEF1C42}.Debug|Any CPU.ActiveCfg = Debug|Any CPU
		{CFE9B8CA-E6DC-F5E6-0103-E5A7DAEF1C42}.Debug|Any CPU.Build.0 = Debug|Any CPU
		{CFE9B8CA-E6DC-F5E6-0103-E5A7DAEF1C42}.Release|Any CPU.ActiveCfg = Release|Any CPU
		{CFE9B8CA-E6DC-F5E6-0103-E5A7DAEF1C42}.Release|Any CPU.Build.0 = Release|Any CPU
		{9B0C7C32-DF4C-A9DD-8CBB-9971BCC2119B}.Debug|Any CPU.ActiveCfg = Debug|Any CPU
		{9B0C7C32-DF4C-A9DD-8CBB-9971BCC2119B}.Debug|Any CPU.Build.0 = Debug|Any CPU
		{9B0C7C32-DF4C-A9DD-8CBB-9971BCC2119B}.Release|Any CPU.ActiveCfg = Release|Any CPU
		{9B0C7C32-DF4C-A9DD-8CBB-9971BCC2119B}.Release|Any CPU.Build.0 = Release|Any CPU
		{3A92C1EB-1556-7013-9F3B-0C189583180E}.Debug|Any CPU.ActiveCfg = Debug|Any CPU
		{3A92C1EB-1556-7013-9F3B-0C189583180E}.Debug|Any CPU.Build.0 = Debug|Any CPU
		{3A92C1EB-1556-7013-9F3B-0C189583180E}.Release|Any CPU.ActiveCfg = Release|Any CPU
		{3A92C1EB-1556-7013-9F3B-0C189583180E}.Release|Any CPU.Build.0 = Release|Any CPU
		{83D3B46F-2ED7-D51E-228F-9E56CA774922}.Debug|Any CPU.ActiveCfg = Debug|Any CPU
		{83D3B46F-2ED7-D51E-228F-9E56CA774922}.Debug|Any CPU.Build.0 = Debug|Any CPU
		{83D3B46F-2ED7-D51E-228F-9E56CA774922}.Release|Any CPU.ActiveCfg = Release|Any CPU
		{83D3B46F-2ED7-D51E-228F-9E56CA774922}.Release|Any CPU.Build.0 = Release|Any CPU
		{513A6A61-CFD5-99C8-F7DE-97AC644BC6C5}.Debug|Any CPU.ActiveCfg = Debug|Any CPU
		{513A6A61-CFD5-99C8-F7DE-97AC644BC6C5}.Debug|Any CPU.Build.0 = Debug|Any CPU
		{513A6A61-CFD5-99C8-F7DE-97AC644BC6C5}.Release|Any CPU.ActiveCfg = Release|Any CPU
		{513A6A61-CFD5-99C8-F7DE-97AC644BC6C5}.Release|Any CPU.Build.0 = Release|Any CPU
		{2DFEC909-8E66-56BB-8E4F-CC9A8058264C}.Debug|Any CPU.ActiveCfg = Debug|Any CPU
		{2DFEC909-8E66-56BB-8E4F-CC9A8058264C}.Debug|Any CPU.Build.0 = Debug|Any CPU
		{2DFEC909-8E66-56BB-8E4F-CC9A8058264C}.Release|Any CPU.ActiveCfg = Release|Any CPU
		{2DFEC909-8E66-56BB-8E4F-CC9A8058264C}.Release|Any CPU.Build.0 = Release|Any CPU
		{A0835B5F-9CCE-AB9F-72B4-E9C09131D2F7}.Debug|Any CPU.ActiveCfg = Debug|Any CPU
		{A0835B5F-9CCE-AB9F-72B4-E9C09131D2F7}.Debug|Any CPU.Build.0 = Debug|Any CPU
		{A0835B5F-9CCE-AB9F-72B4-E9C09131D2F7}.Release|Any CPU.ActiveCfg = Release|Any CPU
		{A0835B5F-9CCE-AB9F-72B4-E9C09131D2F7}.Release|Any CPU.Build.0 = Release|Any CPU
		{13666C35-4B9B-BBA5-4392-A6B84C875071}.Debug|Any CPU.ActiveCfg = Debug|Any CPU
		{13666C35-4B9B-BBA5-4392-A6B84C875071}.Debug|Any CPU.Build.0 = Debug|Any CPU
		{13666C35-4B9B-BBA5-4392-A6B84C875071}.Release|Any CPU.ActiveCfg = Release|Any CPU
		{13666C35-4B9B-BBA5-4392-A6B84C875071}.Release|Any CPU.Build.0 = Release|Any CPU
		{CFC0070D-C545-09B0-795C-6FBB782F83A4}.Debug|Any CPU.ActiveCfg = Debug|Any CPU
		{CFC0070D-C545-09B0-795C-6FBB782F83A4}.Debug|Any CPU.Build.0 = Debug|Any CPU
		{CFC0070D-C545-09B0-795C-6FBB782F83A4}.Release|Any CPU.ActiveCfg = Release|Any CPU
		{CFC0070D-C545-09B0-795C-6FBB782F83A4}.Release|Any CPU.Build.0 = Release|Any CPU
		{49AD2FE1-4584-D959-F8B5-FBBA413957F2}.Debug|Any CPU.ActiveCfg = Debug|Any CPU
		{49AD2FE1-4584-D959-F8B5-FBBA413957F2}.Debug|Any CPU.Build.0 = Debug|Any CPU
		{49AD2FE1-4584-D959-F8B5-FBBA413957F2}.Release|Any CPU.ActiveCfg = Release|Any CPU
		{49AD2FE1-4584-D959-F8B5-FBBA413957F2}.Release|Any CPU.Build.0 = Release|Any CPU
		{67D8B151-4075-A792-FFA2-748B05C55BC5}.Debug|Any CPU.ActiveCfg = Debug|Any CPU
		{67D8B151-4075-A792-FFA2-748B05C55BC5}.Debug|Any CPU.Build.0 = Debug|Any CPU
		{67D8B151-4075-A792-FFA2-748B05C55BC5}.Release|Any CPU.ActiveCfg = Release|Any CPU
		{67D8B151-4075-A792-FFA2-748B05C55BC5}.Release|Any CPU.Build.0 = Release|Any CPU
		{000E4BAD-D165-3A10-BC5D-D7931974F6D1}.Debug|Any CPU.ActiveCfg = Debug|Any CPU
		{000E4BAD-D165-3A10-BC5D-D7931974F6D1}.Debug|Any CPU.Build.0 = Debug|Any CPU
		{000E4BAD-D165-3A10-BC5D-D7931974F6D1}.Release|Any CPU.ActiveCfg = Release|Any CPU
		{000E4BAD-D165-3A10-BC5D-D7931974F6D1}.Release|Any CPU.Build.0 = Release|Any CPU
		{4FD68202-2EF5-0651-26C7-32A743B81FD9}.Debug|Any CPU.ActiveCfg = Debug|Any CPU
		{4FD68202-2EF5-0651-26C7-32A743B81FD9}.Debug|Any CPU.Build.0 = Debug|Any CPU
		{4FD68202-2EF5-0651-26C7-32A743B81FD9}.Release|Any CPU.ActiveCfg = Release|Any CPU
		{4FD68202-2EF5-0651-26C7-32A743B81FD9}.Release|Any CPU.Build.0 = Release|Any CPU
		{FA11BF51-D374-8E98-9AD0-E3C679E821A1}.Debug|Any CPU.ActiveCfg = Debug|Any CPU
		{FA11BF51-D374-8E98-9AD0-E3C679E821A1}.Debug|Any CPU.Build.0 = Debug|Any CPU
		{FA11BF51-D374-8E98-9AD0-E3C679E821A1}.Release|Any CPU.ActiveCfg = Release|Any CPU
		{FA11BF51-D374-8E98-9AD0-E3C679E821A1}.Release|Any CPU.Build.0 = Release|Any CPU
		{87BBB3F4-7D4B-0006-3CCE-06D14D66F3F8}.Debug|Any CPU.ActiveCfg = Debug|Any CPU
		{87BBB3F4-7D4B-0006-3CCE-06D14D66F3F8}.Debug|Any CPU.Build.0 = Debug|Any CPU
		{87BBB3F4-7D4B-0006-3CCE-06D14D66F3F8}.Release|Any CPU.ActiveCfg = Release|Any CPU
		{87BBB3F4-7D4B-0006-3CCE-06D14D66F3F8}.Release|Any CPU.Build.0 = Release|Any CPU
		{F47C8C1F-51B4-E0AA-CED6-357E52E29E3A}.Debug|Any CPU.ActiveCfg = Debug|Any CPU
		{F47C8C1F-51B4-E0AA-CED6-357E52E29E3A}.Debug|Any CPU.Build.0 = Debug|Any CPU
		{F47C8C1F-51B4-E0AA-CED6-357E52E29E3A}.Release|Any CPU.ActiveCfg = Release|Any CPU
		{F47C8C1F-51B4-E0AA-CED6-357E52E29E3A}.Release|Any CPU.Build.0 = Release|Any CPU
		{50CF1371-B937-BB84-AC0C-8FB09D6F3124}.Debug|Any CPU.ActiveCfg = Debug|Any CPU
		{50CF1371-B937-BB84-AC0C-8FB09D6F3124}.Debug|Any CPU.Build.0 = Debug|Any CPU
		{50CF1371-B937-BB84-AC0C-8FB09D6F3124}.Release|Any CPU.ActiveCfg = Release|Any CPU
		{50CF1371-B937-BB84-AC0C-8FB09D6F3124}.Release|Any CPU.Build.0 = Release|Any CPU
		{755D1174-0FB7-F3C6-CC5F-D83A789F335A}.Debug|Any CPU.ActiveCfg = Debug|Any CPU
		{755D1174-0FB7-F3C6-CC5F-D83A789F335A}.Debug|Any CPU.Build.0 = Debug|Any CPU
		{755D1174-0FB7-F3C6-CC5F-D83A789F335A}.Release|Any CPU.ActiveCfg = Release|Any CPU
		{755D1174-0FB7-F3C6-CC5F-D83A789F335A}.Release|Any CPU.Build.0 = Release|Any CPU
	EndGlobalSection
	GlobalSection(SolutionProperties) = preSolution
		HideSolutionNode = FALSE
	EndGlobalSection
EndGlobal
