
Microsoft Visual Studio Solution File, Format Version 12.00
# Visual Studio 15
Project("{FAE04EC0-301F-11D3-BF4B-00C04F79EFBC}") = "UnityEngine.UI", "UnityEngine.UI.csproj", "{0BD95E8D-BAF2-4556-D172-AD403EAE313E}"
EndProject
Project("{FAE04EC0-301F-11D3-BF4B-00C04F79EFBC}") = "UnityEngine.TestRunner", "UnityEngine.TestRunner.csproj", "{A8A269D9-109C-46DF-DCF2-CD0EB15272EE}"
EndProject
Project("{FAE04EC0-301F-11D3-BF4B-00C04F79EFBC}") = "Unity.VisualScripting.Flow", "Unity.VisualScripting.Flow.csproj", "{6B47C533-72DD-9937-99D7-43C82D6D1872}"
EndProject
Project("{FAE04EC0-301F-11D3-BF4B-00C04F79EFBC}") = "Unity.VisualScripting.State", "Unity.VisualScripting.State.csproj", "{77A99AB1-1907-899A-3EDB-70C1B89CA0E4}"
EndProject
Project("{FAE04EC0-301F-11D3-BF4B-00C04F79EFBC}") = "Assembly-CSharp", "Assembly-CSharp.csproj", "{CF35597D-89F4-D73B-0BA2-1C58402453C5}"
EndProject
Project("{FAE04EC0-301F-11D3-BF4B-00C04F79EFBC}") = "Unity.VisualScripting.Core", "Unity.VisualScripting.Core.csproj", "{C787DF09-71E5-AF67-91DF-B1599365AC68}"
EndProject
Project("{FAE04EC0-301F-11D3-BF4B-00C04F79EFBC}") = "Unity.TextMeshPro", "Unity.TextMeshPro.csproj", "{F1D1A7F6-9742-4F28-DB18-CC454563E07E}"
EndProject
Project("{FAE04EC0-301F-11D3-BF4B-00C04F79EFBC}") = "Unity.Timeline", "Unity.Timeline.csproj", "{69F760A0-80A8-E02A-585F-5BD297F39341}"
EndProject
Project("{FAE04EC0-301F-11D3-BF4B-00C04F79EFBC}") = "Unity.PlasticSCM.Editor", "Unity.PlasticSCM.Editor.csproj", "{89400D27-A610-080C-A9A3-DA064AEAAF94}"
EndProject
Project("{FAE04EC0-301F-11D3-BF4B-00C04F79EFBC}") = "Unity.VisualScripting.Core.Editor", "Unity.VisualScripting.Core.Editor.csproj", "{6B4D669D-1EE1-222C-D081-0E7A0B67ADEC}"
EndProject
Project("{FAE04EC0-301F-11D3-BF4B-00C04F79EFBC}") = "Unity.VisualScripting.Flow.Editor", "Unity.VisualScripting.Flow.Editor.csproj", "{4DE63EAA-BF78-7102-5996-2A5594D7691E}"
EndProject
Project("{FAE04EC0-301F-11D3-BF4B-00C04F79EFBC}") = "Unity.VisualStudio.Editor", "Unity.VisualStudio.Editor.csproj", "{3DC05597-DCE4-628E-8C04-225AEDBFDFB1}"
EndProject
Project("{FAE04EC0-301F-11D3-BF4B-00C04F79EFBC}") = "Unity.Timeline.Editor", "Unity.Timeline.Editor.csproj", "{B40D378D-8339-D692-4282-1DAF664DAB2A}"
EndProject
Project("{FAE04EC0-301F-11D3-BF4B-00C04F79EFBC}") = "Unity.VisualScripting.State.Editor", "Unity.VisualScripting.State.Editor.csproj", "{2DFD16A9-CCD9-6C6C-C9E6-CF164D5F5A65}"
EndProject
Project("{FAE04EC0-301F-11D3-BF4B-00C04F79EFBC}") = "Unity.TextMeshPro.Editor", "Unity.TextMeshPro.Editor.csproj", "{E2F8C910-9BB1-3F49-A80F-F70EB85B8066}"
EndProject
Project("{FAE04EC0-301F-11D3-BF4B-00C04F79EFBC}") = "Unity.VisualScripting.SettingsProvider.Editor", "Unity.VisualScripting.SettingsProvider.Editor.csproj", "{AB10276B-0723-DF73-0609-18C7AF23FC4F}"
EndProject
Project("{FAE04EC0-301F-11D3-BF4B-00C04F79EFBC}") = "UnityEditor.TestRunner", "UnityEditor.TestRunner.csproj", "{1B974F55-C0B3-38AC-1A4E-56BBD73D6EDD}"
EndProject
Project("{FAE04EC0-301F-11D3-BF4B-00C04F79EFBC}") = "Unity.Rider.Editor", "Unity.Rider.Editor.csproj", "{7B7A7145-03F8-77CF-AF0C-7735763BE91B}"
EndProject
Project("{FAE04EC0-301F-11D3-BF4B-00C04F79EFBC}") = "Assembly-CSharp-Editor", "Assembly-CSharp-Editor.csproj", "{822A8B4D-8860-1405-07E7-9903EBDAEAE0}"
EndProject
Project("{FAE04EC0-301F-11D3-BF4B-00C04F79EFBC}") = "Unity.VSCode.Editor", "Unity.VSCode.Editor.csproj", "{AF1533C7-052A-279F-F7CD-7FDA9ABD6330}"
EndProject
Project("{FAE04EC0-301F-11D3-BF4B-00C04F79EFBC}") = "UnityEditor.UI", "UnityEditor.UI.csproj", "{8700BD86-AC85-CDE5-2430-D8155C56133E}"
EndProject
Project("{FAE04EC0-301F-11D3-BF4B-00C04F79EFBC}") = "Unity.VisualScripting.Shared.Editor", "Unity.VisualScripting.Shared.Editor.csproj", "{C7F3BEA3-46E4-EC70-3A30-E100CEC44F3D}"
EndProject
Project("{FAE04EC0-301F-11D3-BF4B-00C04F79EFBC}") = "UnityEngine.UI", "UnityEngine.UI.Player.csproj", "{375E8CE5-1E28-9FE6-23C8-BA8A70079E5B}"
EndProject
Project("{FAE04EC0-301F-11D3-BF4B-00C04F79EFBC}") = "UnityEngine.TestRunner", "UnityEngine.TestRunner.Player.csproj", "{98CAA98F-D3FC-BDE2-026B-EF6530D5C13E}"
EndProject
Project("{FAE04EC0-301F-11D3-BF4B-00C04F79EFBC}") = "Unity.VisualScripting.Flow", "Unity.VisualScripting.Flow.Player.csproj", "{04B1AA31-50AF-25CF-0908-5CD385EC959B}"
EndProject
Project("{FAE04EC0-301F-11D3-BF4B-00C04F79EFBC}") = "Unity.VisualScripting.State", "Unity.VisualScripting.State.Player.csproj", "{BE09E48C-4055-2C58-BE4B-E5A9CA7683E3}"
EndProject
Project("{FAE04EC0-301F-11D3-BF4B-00C04F79EFBC}") = "Assembly-CSharp", "Assembly-CSharp.Player.csproj", "{53A36756-64B8-5533-5CD6-1688536D11A8}"
EndProject
Project("{FAE04EC0-301F-11D3-BF4B-00C04F79EFBC}") = "Unity.VisualScripting.Core", "Unity.VisualScripting.Core.Player.csproj", "{80A6360D-C030-9364-5CA4-74CA404884A5}"
EndProject
Project("{FAE04EC0-301F-11D3-BF4B-00C04F79EFBC}") = "Unity.TextMeshPro", "Unity.TextMeshPro.Player.csproj", "{4B938E10-DE9A-6E6E-C0E4-9458C3CC734E}"
EndProject
Project("{FAE04EC0-301F-11D3-BF4B-00C04F79EFBC}") = "Unity.Timeline", "Unity.Timeline.Player.csproj", "{30AB4282-3C8B-90AA-61CD-077E132F100D}"
EndProject
Global
	GlobalSection(SolutionConfigurationPlatforms) = preSolution
		Debug|Any CPU = Debug|Any CPU
		Release|Any CPU = Release|Any CPU
	EndGlobalSection
	GlobalSection(ProjectConfigurationPlatforms) = postSolution
		{0BD95E8D-BAF2-4556-D172-AD403EAE313E}.Debug|Any CPU.ActiveCfg = Debug|Any CPU
		{0BD95E8D-BAF2-4556-D172-AD403EAE313E}.Debug|Any CPU.Build.0 = Debug|Any CPU
		{0BD95E8D-BAF2-4556-D172-AD403EAE313E}.Release|Any CPU.ActiveCfg = Release|Any CPU
		{0BD95E8D-BAF2-4556-D172-AD403EAE313E}.Release|Any CPU.Build.0 = Release|Any CPU
		{A8A269D9-109C-46DF-DCF2-CD0EB15272EE}.Debug|Any CPU.ActiveCfg = Debug|Any CPU
		{A8A269D9-109C-46DF-DCF2-CD0EB15272EE}.Debug|Any CPU.Build.0 = Debug|Any CPU
		{A8A269D9-109C-46DF-DCF2-CD0EB15272EE}.Release|Any CPU.ActiveCfg = Release|Any CPU
		{A8A269D9-109C-46DF-DCF2-CD0EB15272EE}.Release|Any CPU.Build.0 = Release|Any CPU
		{6B47C533-72DD-9937-99D7-43C82D6D1872}.Debug|Any CPU.ActiveCfg = Debug|Any CPU
		{6B47C533-72DD-9937-99D7-43C82D6D1872}.Debug|Any CPU.Build.0 = Debug|Any CPU
		{6B47C533-72DD-9937-99D7-43C82D6D1872}.Release|Any CPU.ActiveCfg = Release|Any CPU
		{6B47C533-72DD-9937-99D7-43C82D6D1872}.Release|Any CPU.Build.0 = Release|Any CPU
		{77A99AB1-1907-899A-3EDB-70C1B89CA0E4}.Debug|Any CPU.ActiveCfg = Debug|Any CPU
		{77A99AB1-1907-899A-3EDB-70C1B89CA0E4}.Debug|Any CPU.Build.0 = Debug|Any CPU
		{77A99AB1-1907-899A-3EDB-70C1B89CA0E4}.Release|Any CPU.ActiveCfg = Release|Any CPU
		{77A99AB1-1907-899A-3EDB-70C1B89CA0E4}.Release|Any CPU.Build.0 = Release|Any CPU
		{CF35597D-89F4-D73B-0BA2-1C58402453C5}.Debug|Any CPU.ActiveCfg = Debug|Any CPU
		{CF35597D-89F4-D73B-0BA2-1C58402453C5}.Debug|Any CPU.Build.0 = Debug|Any CPU
		{CF35597D-89F4-D73B-0BA2-1C58402453C5}.Release|Any CPU.ActiveCfg = Release|Any CPU
		{CF35597D-89F4-D73B-0BA2-1C58402453C5}.Release|Any CPU.Build.0 = Release|Any CPU
		{C787DF09-71E5-AF67-91DF-B1599365AC68}.Debug|Any CPU.ActiveCfg = Debug|Any CPU
		{C787DF09-71E5-AF67-91DF-B1599365AC68}.Debug|Any CPU.Build.0 = Debug|Any CPU
		{C787DF09-71E5-AF67-91DF-B1599365AC68}.Release|Any CPU.ActiveCfg = Release|Any CPU
		{C787DF09-71E5-AF67-91DF-B1599365AC68}.Release|Any CPU.Build.0 = Release|Any CPU
		{F1D1A7F6-9742-4F28-DB18-CC454563E07E}.Debug|Any CPU.ActiveCfg = Debug|Any CPU
		{F1D1A7F6-9742-4F28-DB18-CC454563E07E}.Debug|Any CPU.Build.0 = Debug|Any CPU
		{F1D1A7F6-9742-4F28-DB18-CC454563E07E}.Release|Any CPU.ActiveCfg = Release|Any CPU
		{F1D1A7F6-9742-4F28-DB18-CC454563E07E}.Release|Any CPU.Build.0 = Release|Any CPU
		{69F760A0-80A8-E02A-585F-5BD297F39341}.Debug|Any CPU.ActiveCfg = Debug|Any CPU
		{69F760A0-80A8-E02A-585F-5BD297F39341}.Debug|Any CPU.Build.0 = Debug|Any CPU
		{69F760A0-80A8-E02A-585F-5BD297F39341}.Release|Any CPU.ActiveCfg = Release|Any CPU
		{69F760A0-80A8-E02A-585F-5BD297F39341}.Release|Any CPU.Build.0 = Release|Any CPU
		{89400D27-A610-080C-A9A3-DA064AEAAF94}.Debug|Any CPU.ActiveCfg = Debug|Any CPU
		{89400D27-A610-080C-A9A3-DA064AEAAF94}.Debug|Any CPU.Build.0 = Debug|Any CPU
		{89400D27-A610-080C-A9A3-DA064AEAAF94}.Release|Any CPU.ActiveCfg = Release|Any CPU
		{89400D27-A610-080C-A9A3-DA064AEAAF94}.Release|Any CPU.Build.0 = Release|Any CPU
		{6B4D669D-1EE1-222C-D081-0E7A0B67ADEC}.Debug|Any CPU.ActiveCfg = Debug|Any CPU
		{6B4D669D-1EE1-222C-D081-0E7A0B67ADEC}.Debug|Any CPU.Build.0 = Debug|Any CPU
		{6B4D669D-1EE1-222C-D081-0E7A0B67ADEC}.Release|Any CPU.ActiveCfg = Release|Any CPU
		{6B4D669D-1EE1-222C-D081-0E7A0B67ADEC}.Release|Any CPU.Build.0 = Release|Any CPU
		{4DE63EAA-BF78-7102-5996-2A5594D7691E}.Debug|Any CPU.ActiveCfg = Debug|Any CPU
		{4DE63EAA-BF78-7102-5996-2A5594D7691E}.Debug|Any CPU.Build.0 = Debug|Any CPU
		{4DE63EAA-BF78-7102-5996-2A5594D7691E}.Release|Any CPU.ActiveCfg = Release|Any CPU
		{4DE63EAA-BF78-7102-5996-2A5594D7691E}.Release|Any CPU.Build.0 = Release|Any CPU
		{3DC05597-DCE4-628E-8C04-225AEDBFDFB1}.Debug|Any CPU.ActiveCfg = Debug|Any CPU
		{3DC05597-DCE4-628E-8C04-225AEDBFDFB1}.Debug|Any CPU.Build.0 = Debug|Any CPU
		{3DC05597-DCE4-628E-8C04-225AEDBFDFB1}.Release|Any CPU.ActiveCfg = Release|Any CPU
		{3DC05597-DCE4-628E-8C04-225AEDBFDFB1}.Release|Any CPU.Build.0 = Release|Any CPU
		{B40D378D-8339-D692-4282-1DAF664DAB2A}.Debug|Any CPU.ActiveCfg = Debug|Any CPU
		{B40D378D-8339-D692-4282-1DAF664DAB2A}.Debug|Any CPU.Build.0 = Debug|Any CPU
		{B40D378D-8339-D692-4282-1DAF664DAB2A}.Release|Any CPU.ActiveCfg = Release|Any CPU
		{B40D378D-8339-D692-4282-1DAF664DAB2A}.Release|Any CPU.Build.0 = Release|Any CPU
		{2DFD16A9-CCD9-6C6C-C9E6-CF164D5F5A65}.Debug|Any CPU.ActiveCfg = Debug|Any CPU
		{2DFD16A9-CCD9-6C6C-C9E6-CF164D5F5A65}.Debug|Any CPU.Build.0 = Debug|Any CPU
		{2DFD16A9-CCD9-6C6C-C9E6-CF164D5F5A65}.Release|Any CPU.ActiveCfg = Release|Any CPU
		{2DFD16A9-CCD9-6C6C-C9E6-CF164D5F5A65}.Release|Any CPU.Build.0 = Release|Any CPU
		{E2F8C910-9BB1-3F49-A80F-F70EB85B8066}.Debug|Any CPU.ActiveCfg = Debug|Any CPU
		{E2F8C910-9BB1-3F49-A80F-F70EB85B8066}.Debug|Any CPU.Build.0 = Debug|Any CPU
		{E2F8C910-9BB1-3F49-A80F-F70EB85B8066}.Release|Any CPU.ActiveCfg = Release|Any CPU
		{E2F8C910-9BB1-3F49-A80F-F70EB85B8066}.Release|Any CPU.Build.0 = Release|Any CPU
		{AB10276B-0723-DF73-0609-18C7AF23FC4F}.Debug|Any CPU.ActiveCfg = Debug|Any CPU
		{AB10276B-0723-DF73-0609-18C7AF23FC4F}.Debug|Any CPU.Build.0 = Debug|Any CPU
		{AB10276B-0723-DF73-0609-18C7AF23FC4F}.Release|Any CPU.ActiveCfg = Release|Any CPU
		{AB10276B-0723-DF73-0609-18C7AF23FC4F}.Release|Any CPU.Build.0 = Release|Any CPU
		{1B974F55-C0B3-38AC-1A4E-56BBD73D6EDD}.Debug|Any CPU.ActiveCfg = Debug|Any CPU
		{1B974F55-C0B3-38AC-1A4E-56BBD73D6EDD}.Debug|Any CPU.Build.0 = Debug|Any CPU
		{1B974F55-C0B3-38AC-1A4E-56BBD73D6EDD}.Release|Any CPU.ActiveCfg = Release|Any CPU
		{1B974F55-C0B3-38AC-1A4E-56BBD73D6EDD}.Release|Any CPU.Build.0 = Release|Any CPU
		{7B7A7145-03F8-77CF-AF0C-7735763BE91B}.Debug|Any CPU.ActiveCfg = Debug|Any CPU
		{7B7A7145-03F8-77CF-AF0C-7735763BE91B}.Debug|Any CPU.Build.0 = Debug|Any CPU
		{7B7A7145-03F8-77CF-AF0C-7735763BE91B}.Release|Any CPU.ActiveCfg = Release|Any CPU
		{7B7A7145-03F8-77CF-AF0C-7735763BE91B}.Release|Any CPU.Build.0 = Release|Any CPU
		{822A8B4D-8860-1405-07E7-9903EBDAEAE0}.Debug|Any CPU.ActiveCfg = Debug|Any CPU
		{822A8B4D-8860-1405-07E7-9903EBDAEAE0}.Debug|Any CPU.Build.0 = Debug|Any CPU
		{822A8B4D-8860-1405-07E7-9903EBDAEAE0}.Release|Any CPU.ActiveCfg = Release|Any CPU
		{822A8B4D-8860-1405-07E7-9903EBDAEAE0}.Release|Any CPU.Build.0 = Release|Any CPU
		{AF1533C7-052A-279F-F7CD-7FDA9ABD6330}.Debug|Any CPU.ActiveCfg = Debug|Any CPU
		{AF1533C7-052A-279F-F7CD-7FDA9ABD6330}.Debug|Any CPU.Build.0 = Debug|Any CPU
		{AF1533C7-052A-279F-F7CD-7FDA9ABD6330}.Release|Any CPU.ActiveCfg = Release|Any CPU
		{AF1533C7-052A-279F-F7CD-7FDA9ABD6330}.Release|Any CPU.Build.0 = Release|Any CPU
		{8700BD86-AC85-CDE5-2430-D8155C56133E}.Debug|Any CPU.ActiveCfg = Debug|Any CPU
		{8700BD86-AC85-CDE5-2430-D8155C56133E}.Debug|Any CPU.Build.0 = Debug|Any CPU
		{8700BD86-AC85-CDE5-2430-D8155C56133E}.Release|Any CPU.ActiveCfg = Release|Any CPU
		{8700BD86-AC85-CDE5-2430-D8155C56133E}.Release|Any CPU.Build.0 = Release|Any CPU
		{C7F3BEA3-46E4-EC70-3A30-E100CEC44F3D}.Debug|Any CPU.ActiveCfg = Debug|Any CPU
		{C7F3BEA3-46E4-EC70-3A30-E100CEC44F3D}.Debug|Any CPU.Build.0 = Debug|Any CPU
		{C7F3BEA3-46E4-EC70-3A30-E100CEC44F3D}.Release|Any CPU.ActiveCfg = Release|Any CPU
		{C7F3BEA3-46E4-EC70-3A30-E100CEC44F3D}.Release|Any CPU.Build.0 = Release|Any CPU
		{375E8CE5-1E28-9FE6-23C8-BA8A70079E5B}.Debug|Any CPU.ActiveCfg = Debug|Any CPU
		{375E8CE5-1E28-9FE6-23C8-BA8A70079E5B}.Debug|Any CPU.Build.0 = Debug|Any CPU
		{375E8CE5-1E28-9FE6-23C8-BA8A70079E5B}.Release|Any CPU.ActiveCfg = Release|Any CPU
		{375E8CE5-1E28-9FE6-23C8-BA8A70079E5B}.Release|Any CPU.Build.0 = Release|Any CPU
		{98CAA98F-D3FC-BDE2-026B-EF6530D5C13E}.Debug|Any CPU.ActiveCfg = Debug|Any CPU
		{98CAA98F-D3FC-BDE2-026B-EF6530D5C13E}.Debug|Any CPU.Build.0 = Debug|Any CPU
		{98CAA98F-D3FC-BDE2-026B-EF6530D5C13E}.Release|Any CPU.ActiveCfg = Release|Any CPU
		{98CAA98F-D3FC-BDE2-026B-EF6530D5C13E}.Release|Any CPU.Build.0 = Release|Any CPU
		{04B1AA31-50AF-25CF-0908-5CD385EC959B}.Debug|Any CPU.ActiveCfg = Debug|Any CPU
		{04B1AA31-50AF-25CF-0908-5CD385EC959B}.Debug|Any CPU.Build.0 = Debug|Any CPU
		{04B1AA31-50AF-25CF-0908-5CD385EC959B}.Release|Any CPU.ActiveCfg = Release|Any CPU
		{04B1AA31-50AF-25CF-0908-5CD385EC959B}.Release|Any CPU.Build.0 = Release|Any CPU
		{BE09E48C-4055-2C58-BE4B-E5A9CA7683E3}.Debug|Any CPU.ActiveCfg = Debug|Any CPU
		{BE09E48C-4055-2C58-BE4B-E5A9CA7683E3}.Debug|Any CPU.Build.0 = Debug|Any CPU
		{BE09E48C-4055-2C58-BE4B-E5A9CA7683E3}.Release|Any CPU.ActiveCfg = Release|Any CPU
		{BE09E48C-4055-2C58-BE4B-E5A9CA7683E3}.Release|Any CPU.Build.0 = Release|Any CPU
		{53A36756-64B8-5533-5CD6-1688536D11A8}.Debug|Any CPU.ActiveCfg = Debug|Any CPU
		{53A36756-64B8-5533-5CD6-1688536D11A8}.Debug|Any CPU.Build.0 = Debug|Any CPU
		{53A36756-64B8-5533-5CD6-1688536D11A8}.Release|Any CPU.ActiveCfg = Release|Any CPU
		{53A36756-64B8-5533-5CD6-1688536D11A8}.Release|Any CPU.Build.0 = Release|Any CPU
		{80A6360D-C030-9364-5CA4-74CA404884A5}.Debug|Any CPU.ActiveCfg = Debug|Any CPU
		{80A6360D-C030-9364-5CA4-74CA404884A5}.Debug|Any CPU.Build.0 = Debug|Any CPU
		{80A6360D-C030-9364-5CA4-74CA404884A5}.Release|Any CPU.ActiveCfg = Release|Any CPU
		{80A6360D-C030-9364-5CA4-74CA404884A5}.Release|Any CPU.Build.0 = Release|Any CPU
		{4B938E10-DE9A-6E6E-C0E4-9458C3CC734E}.Debug|Any CPU.ActiveCfg = Debug|Any CPU
		{4B938E10-DE9A-6E6E-C0E4-9458C3CC734E}.Debug|Any CPU.Build.0 = Debug|Any CPU
		{4B938E10-DE9A-6E6E-C0E4-9458C3CC734E}.Release|Any CPU.ActiveCfg = Release|Any CPU
		{4B938E10-DE9A-6E6E-C0E4-9458C3CC734E}.Release|Any CPU.Build.0 = Release|Any CPU
		{30AB4282-3C8B-90AA-61CD-077E132F100D}.Debug|Any CPU.ActiveCfg = Debug|Any CPU
		{30AB4282-3C8B-90AA-61CD-077E132F100D}.Debug|Any CPU.Build.0 = Debug|Any CPU
		{30AB4282-3C8B-90AA-61CD-077E132F100D}.Release|Any CPU.ActiveCfg = Release|Any CPU
		{30AB4282-3C8B-90AA-61CD-077E132F100D}.Release|Any CPU.Build.0 = Release|Any CPU
	EndGlobalSection
	GlobalSection(SolutionProperties) = preSolution
		HideSolutionNode = FALSE
	EndGlobalSection
EndGlobal
